github.com/yeka/zip v0.0.0-20231116150916-03d6312748a9 h1:K8gF0eekWPEX+57l30ixxzGhHH/qscI3JCnuhbN6V4M=
github.com/yeka/zip v0.0.0-20231116150916-03d6312748a9/go.mod h1:9BnoKCcgJ/+SLhfAXj15352hTOuVmG5Gzo8xNRINfqI=
golang.org/x/crypto v0.15.0 h1:frVn1TEaCEaZcn3Tmd7Y2b5KKPaZ+I32Q2OA3kYp5TA=
golang.org/x/crypto v0.15.0/go.mod h1:4ChreQoLWfG3xLDer1WdlH5NdlQ3+mwnQq1YTKY+72g=
